# This file is automatically @generated by Cargo.
# It is not intended for manual editing.
version = 3

[[package]]
name = "test-macro"
version = "0.1.4"
source = "registry+https://github.com/rust-lang/crates.io-index"
checksum = "19c42c196cfebb9352f54c91388cd86a743bed037fa43fdc5b72d82e574a8c23"

[[package]]
name = "texas-holdem"
version = "0.1.0"
dependencies = [
 "test-macro",
]
