# This file is automatically @generated by Cargo.
# It is not intended for manual editing.
version = 3

[[package]]
name = "test-macro"
version = "0.1.6"
source = "registry+https://github.com/rust-lang/crates.io-index"
checksum = "868c89c495f940f43e9dde9ffd00eed30f33dd60fce2f99287a9989dd089ae0a"

[[package]]
name = "texas-holdem"
version = "0.1.0"
dependencies = [
 "test-macro",
]
